{
  "name": "progress-circle",
  "version": "1.0.1",
  "lockfileVersion": 1,
  "requires": true,
  "dependencies": {
    "ampjs": {
      "version": "1.0.1",
      "resolved": "https://registry.npmjs.org/ampjs/-/ampjs-1.0.1.tgz",
      "integrity": "sha512-lVykntd9st9/tzLLNim97GhgFU1cVvmcYbyyQQWFcxv6nJTjGjqi1EshsI4jyOSy8PaTC8R4hVE6O0CsqFj9Pg=="
    }
  }
}
